
Microsoft Visual Studio Solution File, Format Version 12.00
# Visual Studio Version 16
VisualStudioVersion = 16.0.30011.22
MinimumVisualStudioVersion = 10.0.40219.1
Project("{FAE04EC0-301F-11D3-BF4B-00C04F79EFBC}") = "Web-service", "Web-service\Web-service.csproj", "{A78FE2CF-531E-4AA5-9C3B-B4700AA70906}"
EndProject
Global
	GlobalSection(SolutionConfigurationPlatforms) = preSolution
		Debug|Any CPU = Debug|Any CPU
		Release|Any CPU = Release|Any CPU
	EndGlobalSection
	GlobalSection(ProjectConfigurationPlatforms) = postSolution
		{A78FE2CF-531E-4AA5-9C3B-B4700AA70906}.Debug|Any CPU.ActiveCfg = Debug|Any CPU
		{A78FE2CF-531E-4AA5-9C3B-B4700AA70906}.Debug|Any CPU.Build.0 = Debug|Any CPU
		{A78FE2CF-531E-4AA5-9C3B-B4700AA70906}.Release|Any CPU.ActiveCfg = Release|Any CPU
		{A78FE2CF-531E-4AA5-9C3B-B4700AA70906}.Release|Any CPU.Build.0 = Release|Any CPU
	EndGlobalSection
	GlobalSection(SolutionProperties) = preSolution
		HideSolutionNode = FALSE
	EndGlobalSection
	GlobalSection(ExtensibilityGlobals) = postSolution
		SolutionGuid = {60192402-3B17-4375-A563-99FFF763D5B0}
	EndGlobalSection
EndGlobal
