
Microsoft Visual Studio Solution File, Format Version 12.00
# Visual Studio Version 16
VisualStudioVersion = 16.0.30011.22
MinimumVisualStudioVersion = 10.0.40219.1
Project("{9A19103F-16F7-4668-BE54-9A1E7A4F7556}") = "Web-service", "Web-service\Web-service.csproj", "{A78FE2CF-531E-4AA5-9C3B-B4700AA70906}"
EndProject
Project("{FAE04EC0-301F-11D3-BF4B-00C04F79EFBC}") = "TestClientApp", "TestClientApp\TestClientApp.csproj", "{A2043D57-4D8F-45AC-BB5B-B1A7360BEF57}"
EndProject
Global
	GlobalSection(SolutionConfigurationPlatforms) = preSolution
		Debug|Any CPU = Debug|Any CPU
		Release|Any CPU = Release|Any CPU
	EndGlobalSection
	GlobalSection(ProjectConfigurationPlatforms) = postSolution
		{A78FE2CF-531E-4AA5-9C3B-B4700AA70906}.Debug|Any CPU.ActiveCfg = Debug|Any CPU
		{A78FE2CF-531E-4AA5-9C3B-B4700AA70906}.Debug|Any CPU.Build.0 = Debug|Any CPU
		{A78FE2CF-531E-4AA5-9C3B-B4700AA70906}.Release|Any CPU.ActiveCfg = Release|Any CPU
		{A78FE2CF-531E-4AA5-9C3B-B4700AA70906}.Release|Any CPU.Build.0 = Release|Any CPU
		{A2043D57-4D8F-45AC-BB5B-B1A7360BEF57}.Debug|Any CPU.ActiveCfg = Debug|Any CPU
		{A2043D57-4D8F-45AC-BB5B-B1A7360BEF57}.Debug|Any CPU.Build.0 = Debug|Any CPU
		{A2043D57-4D8F-45AC-BB5B-B1A7360BEF57}.Release|Any CPU.ActiveCfg = Release|Any CPU
		{A2043D57-4D8F-45AC-BB5B-B1A7360BEF57}.Release|Any CPU.Build.0 = Release|Any CPU
	EndGlobalSection
	GlobalSection(SolutionProperties) = preSolution
		HideSolutionNode = FALSE
	EndGlobalSection
	GlobalSection(ExtensibilityGlobals) = postSolution
		SolutionGuid = {60192402-3B17-4375-A563-99FFF763D5B0}
	EndGlobalSection
EndGlobal
